
Microsoft Visual Studio Solution File, Format Version 12.00
# Visual Studio 15
VisualStudioVersion = 15.0.28307.168
MinimumVisualStudioVersion = 10.0.40219.1
Project("{2150E333-8FDC-42A3-9474-1A3956D46DE8}") = "src", "src", "{FDD3B1F2-7327-48E2-94C8-D17549EEB0A4}"
EndProject
Project("{FAE04EC0-301F-11D3-BF4B-00C04F79EFBC}") = "VideoPlatform.Web", "src\VideoPlatform.Web\VideoPlatform.Web.csproj", "{0D568877-3B31-4A00-BB49-9D9B0707C494}"
EndProject
Global
	GlobalSection(SolutionConfigurationPlatforms) = preSolution
		Debug|Any CPU = Debug|Any CPU
		Release|Any CPU = Release|Any CPU
	EndGlobalSection
	GlobalSection(ProjectConfigurationPlatforms) = postSolution
		{0D568877-3B31-4A00-BB49-9D9B0707C494}.Debug|Any CPU.ActiveCfg = Debug|Any CPU
		{0D568877-3B31-4A00-BB49-9D9B0707C494}.Debug|Any CPU.Build.0 = Debug|Any CPU
		{0D568877-3B31-4A00-BB49-9D9B0707C494}.Release|Any CPU.ActiveCfg = Release|Any CPU
		{0D568877-3B31-4A00-BB49-9D9B0707C494}.Release|Any CPU.Build.0 = Release|Any CPU
	EndGlobalSection
	GlobalSection(SolutionProperties) = preSolution
		HideSolutionNode = FALSE
	EndGlobalSection
	GlobalSection(NestedProjects) = preSolution
		{0D568877-3B31-4A00-BB49-9D9B0707C494} = {FDD3B1F2-7327-48E2-94C8-D17549EEB0A4}
	EndGlobalSection
	GlobalSection(ExtensibilityGlobals) = postSolution
		SolutionGuid = {36BA089B-327F-4803-B44E-5015287C0DB6}
	EndGlobalSection
EndGlobal
